<?xml version="1.0" encoding="utf-8"?>
<Project ToolsVersion="4.0" xmlns="http://schemas.microsoft.com/developer/msbuild/2003">
  <ItemGroup>
    <Filter Include="Source Files">
      <UniqueIdentifier>{4FC737F1-C7A5-4376-A066-2A32D752A2FF}</UniqueIdentifier>
      <Extensions>cpp;c;cc;cxx;def;odl;idl;hpj;bat;asm;asmx</Extensions>
    </Filter>
    <Filter Include="Header Files">
      <UniqueIdentifier>{93995380-89BD-4b04-88EB-625FBE52EBFB}</UniqueIdentifier>
      <Extensions>h;hh;hpp;hxx;hm;inl;inc;ipp;xsd</Extensions>
    </Filter>
    <Filter Include="Resource Files">
      <UniqueIdentifier>{67DA6AB6-F800-4c08-8B7A-83BB121AAD01}</UniqueIdentifier>
      <Extensions>rc;ico;cur;bmp;dlg;rc2;rct;bin;rgs;gif;jpg;jpeg;jpe;resx;tiff;tif;png;wav;mfcribbon-ms</Extensions>
    </Filter>
  </ItemGroup>
  <ItemGroup>
    <ClCompile Include="lvgl\src\lv_core\lv_disp.c">
      <Filter>Source Files</Filter>
    </ClCompile>
    <ClCompile Include="lvgl\src\lv_core\lv_group.c">
      <Filter>Source Files</Filter>
    </ClCompile>
    <ClCompile Include="lvgl\src\lv_core\lv_indev.c">
      <Filter>Source Files</Filter>
    </ClCompile>
    <ClCompile Include="lvgl\src\lv_core\lv_obj.c">
      <Filter>Source Files</Filter>
    </ClCompile>
    <ClCompile Include="lvgl\src\lv_core\lv_refr.c">
      <Filter>Source Files</Filter>
    </ClCompile>
    <ClCompile Include="lvgl\src\lv_core\lv_style.c">
      <Filter>Source Files</Filter>
    </ClCompile>
    <ClCompile Include="lvgl\src\lv_draw\lv_draw.c">
      <Filter>Source Files</Filter>
    </ClCompile>
    <ClCompile Include="lvgl\src\lv_draw\lv_draw_arc.c">
      <Filter>Source Files</Filter>
    </ClCompile>
    <ClCompile Include="lvgl\src\lv_draw\lv_draw_basic.c">
      <Filter>Source Files</Filter>
    </ClCompile>
    <ClCompile Include="lvgl\src\lv_draw\lv_draw_img.c">
      <Filter>Source Files</Filter>
    </ClCompile>
    <ClCompile Include="lvgl\src\lv_draw\lv_draw_label.c">
      <Filter>Source Files</Filter>
    </ClCompile>
    <ClCompile Include="lvgl\src\lv_draw\lv_draw_line.c">
      <Filter>Source Files</Filter>
    </ClCompile>
    <ClCompile Include="lvgl\src\lv_draw\lv_draw_rect.c">
      <Filter>Source Files</Filter>
    </ClCompile>
    <ClCompile Include="lvgl\src\lv_draw\lv_draw_triangle.c">
      <Filter>Source Files</Filter>
    </ClCompile>
    <ClCompile Include="lvgl\src\lv_draw\lv_img_cache.c">
      <Filter>Source Files</Filter>
    </ClCompile>
    <ClCompile Include="lvgl\src\lv_draw\lv_img_decoder.c">
      <Filter>Source Files</Filter>
    </ClCompile>
    <ClCompile Include="lvgl\src\lv_font\lv_font.c">
      <Filter>Source Files</Filter>
    </ClCompile>
    <ClCompile Include="lvgl\src\lv_font\lv_font_fmt_txt.c">
      <Filter>Source Files</Filter>
    </ClCompile>
    <ClCompile Include="lvgl\src\lv_font\lv_font_roboto_12.c">
      <Filter>Source Files</Filter>
    </ClCompile>
    <ClCompile Include="lvgl\src\lv_font\lv_font_roboto_16.c">
      <Filter>Source Files</Filter>
    </ClCompile>
    <ClCompile Include="lvgl\src\lv_font\lv_font_roboto_22.c">
      <Filter>Source Files</Filter>
    </ClCompile>
    <ClCompile Include="lvgl\src\lv_font\lv_font_roboto_28.c">
      <Filter>Source Files</Filter>
    </ClCompile>
    <ClCompile Include="lvgl\src\lv_font\lv_font_unscii_8.c">
      <Filter>Source Files</Filter>
    </ClCompile>
    <ClCompile Include="lvgl\src\lv_hal\lv_hal_disp.c">
      <Filter>Source Files</Filter>
    </ClCompile>
    <ClCompile Include="lvgl\src\lv_hal\lv_hal_indev.c">
      <Filter>Source Files</Filter>
    </ClCompile>
    <ClCompile Include="lvgl\src\lv_hal\lv_hal_tick.c">
      <Filter>Source Files</Filter>
    </ClCompile>
    <ClCompile Include="lvgl\src\lv_misc\lv_anim.c">
      <Filter>Source Files</Filter>
    </ClCompile>
    <ClCompile Include="lvgl\src\lv_misc\lv_area.c">
      <Filter>Source Files</Filter>
    </ClCompile>
    <ClCompile Include="lvgl\src\lv_misc\lv_async.c">
      <Filter>Source Files</Filter>
    </ClCompile>
    <ClCompile Include="lvgl\src\lv_misc\lv_circ.c">
      <Filter>Source Files</Filter>
    </ClCompile>
    <ClCompile Include="lvgl\src\lv_misc\lv_color.c">
      <Filter>Source Files</Filter>
    </ClCompile>
    <ClCompile Include="lvgl\src\lv_misc\lv_fs.c">
      <Filter>Source Files</Filter>
    </ClCompile>
    <ClCompile Include="lvgl\src\lv_misc\lv_gc.c">
      <Filter>Source Files</Filter>
    </ClCompile>
    <ClCompile Include="lvgl\src\lv_misc\lv_ll.c">
      <Filter>Source Files</Filter>
    </ClCompile>
    <ClCompile Include="lvgl\src\lv_misc\lv_log.c">
      <Filter>Source Files</Filter>
    </ClCompile>
    <ClCompile Include="lvgl\src\lv_misc\lv_math.c">
      <Filter>Source Files</Filter>
    </ClCompile>
    <ClCompile Include="lvgl\src\lv_misc\lv_mem.c">
      <Filter>Source Files</Filter>
    </ClCompile>
    <ClCompile Include="lvgl\src\lv_misc\lv_task.c">
      <Filter>Source Files</Filter>
    </ClCompile>
    <ClCompile Include="lvgl\src\lv_misc\lv_templ.c">
      <Filter>Source Files</Filter>
    </ClCompile>
    <ClCompile Include="lvgl\src\lv_misc\lv_txt.c">
      <Filter>Source Files</Filter>
    </ClCompile>
    <ClCompile Include="lvgl\src\lv_misc\lv_utils.c">
      <Filter>Source Files</Filter>
    </ClCompile>
    <ClCompile Include="lvgl\src\lv_objx\lv_arc.c">
      <Filter>Source Files</Filter>
    </ClCompile>
    <ClCompile Include="lvgl\src\lv_objx\lv_bar.c">
      <Filter>Source Files</Filter>
    </ClCompile>
    <ClCompile Include="lvgl\src\lv_objx\lv_btn.c">
      <Filter>Source Files</Filter>
    </ClCompile>
    <ClCompile Include="lvgl\src\lv_objx\lv_btnm.c">
      <Filter>Source Files</Filter>
    </ClCompile>
    <ClCompile Include="lvgl\src\lv_objx\lv_calendar.c">
      <Filter>Source Files</Filter>
    </ClCompile>
    <ClCompile Include="lvgl\src\lv_objx\lv_canvas.c">
      <Filter>Source Files</Filter>
    </ClCompile>
    <ClCompile Include="lvgl\src\lv_objx\lv_cb.c">
      <Filter>Source Files</Filter>
    </ClCompile>
    <ClCompile Include="lvgl\src\lv_objx\lv_chart.c">
      <Filter>Source Files</Filter>
    </ClCompile>
    <ClCompile Include="lvgl\src\lv_objx\lv_cont.c">
      <Filter>Source Files</Filter>
    </ClCompile>
    <ClCompile Include="lvgl\src\lv_objx\lv_ddlist.c">
      <Filter>Source Files</Filter>
    </ClCompile>
    <ClCompile Include="lvgl\src\lv_objx\lv_gauge.c">
      <Filter>Source Files</Filter>
    </ClCompile>
    <ClCompile Include="lvgl\src\lv_objx\lv_img.c">
      <Filter>Source Files</Filter>
    </ClCompile>
    <ClCompile Include="lvgl\src\lv_objx\lv_imgbtn.c">
      <Filter>Source Files</Filter>
    </ClCompile>
    <ClCompile Include="lvgl\src\lv_objx\lv_kb.c">
      <Filter>Source Files</Filter>
    </ClCompile>
    <ClCompile Include="lvgl\src\lv_objx\lv_label.c">
      <Filter>Source Files</Filter>
    </ClCompile>
    <ClCompile Include="lvgl\src\lv_objx\lv_led.c">
      <Filter>Source Files</Filter>
    </ClCompile>
    <ClCompile Include="lvgl\src\lv_objx\lv_line.c">
      <Filter>Source Files</Filter>
    </ClCompile>
    <ClCompile Include="lvgl\src\lv_objx\lv_list.c">
      <Filter>Source Files</Filter>
    </ClCompile>
    <ClCompile Include="lvgl\src\lv_objx\lv_lmeter.c">
      <Filter>Source Files</Filter>
    </ClCompile>
    <ClCompile Include="lvgl\src\lv_objx\lv_mbox.c">
      <Filter>Source Files</Filter>
    </ClCompile>
    <ClCompile Include="lvgl\src\lv_objx\lv_objx_templ.c">
      <Filter>Source Files</Filter>
    </ClCompile>
    <ClCompile Include="lvgl\src\lv_objx\lv_page.c">
      <Filter>Source Files</Filter>
    </ClCompile>
    <ClCompile Include="lvgl\src\lv_objx\lv_preload.c">
      <Filter>Source Files</Filter>
    </ClCompile>
    <ClCompile Include="lvgl\src\lv_objx\lv_roller.c">
      <Filter>Source Files</Filter>
    </ClCompile>
    <ClCompile Include="lvgl\src\lv_objx\lv_slider.c">
      <Filter>Source Files</Filter>
    </ClCompile>
    <ClCompile Include="lvgl\src\lv_objx\lv_spinbox.c">
      <Filter>Source Files</Filter>
    </ClCompile>
    <ClCompile Include="lvgl\src\lv_objx\lv_sw.c">
      <Filter>Source Files</Filter>
    </ClCompile>
    <ClCompile Include="lvgl\src\lv_objx\lv_ta.c">
      <Filter>Source Files</Filter>
    </ClCompile>
    <ClCompile Include="lvgl\src\lv_objx\lv_table.c">
      <Filter>Source Files</Filter>
    </ClCompile>
    <ClCompile Include="lvgl\src\lv_objx\lv_tabview.c">
      <Filter>Source Files</Filter>
    </ClCompile>
    <ClCompile Include="lvgl\src\lv_objx\lv_tileview.c">
      <Filter>Source Files</Filter>
    </ClCompile>
    <ClCompile Include="lvgl\src\lv_objx\lv_win.c">
      <Filter>Source Files</Filter>
    </ClCompile>
    <ClCompile Include="lvgl\src\lv_themes\lv_theme.c">
      <Filter>Source Files</Filter>
    </ClCompile>
    <ClCompile Include="lvgl\src\lv_themes\lv_theme_alien.c">
      <Filter>Source Files</Filter>
    </ClCompile>
    <ClCompile Include="lvgl\src\lv_themes\lv_theme_default.c">
      <Filter>Source Files</Filter>
    </ClCompile>
    <ClCompile Include="lvgl\src\lv_themes\lv_theme_material.c">
      <Filter>Source Files</Filter>
    </ClCompile>
    <ClCompile Include="lvgl\src\lv_themes\lv_theme_mono.c">
      <Filter>Source Files</Filter>
    </ClCompile>
    <ClCompile Include="lvgl\src\lv_themes\lv_theme_nemo.c">
      <Filter>Source Files</Filter>
    </ClCompile>
    <ClCompile Include="lvgl\src\lv_themes\lv_theme_night.c">
      <Filter>Source Files</Filter>
    </ClCompile>
    <ClCompile Include="lvgl\src\lv_themes\lv_theme_templ.c">
      <Filter>Source Files</Filter>
    </ClCompile>
    <ClCompile Include="lvgl\src\lv_themes\lv_theme_zen.c">
      <Filter>Source Files</Filter>
    </ClCompile>
    <ClCompile Include="lv_drivers\display\fbdev.c">
      <Filter>Source Files</Filter>
    </ClCompile>
    <ClCompile Include="lv_drivers\display\monitor.c">
      <Filter>Source Files</Filter>
    </ClCompile>
    <ClCompile Include="lv_drivers\display\R61581.c">
      <Filter>Source Files</Filter>
    </ClCompile>
    <ClCompile Include="lv_drivers\display\SSD1963.c">
      <Filter>Source Files</Filter>
    </ClCompile>
    <ClCompile Include="lv_drivers\display\ST7565.c">
      <Filter>Source Files</Filter>
    </ClCompile>
    <ClCompile Include="lv_drivers\indev\AD_touch.c">
      <Filter>Source Files</Filter>
    </ClCompile>
    <ClCompile Include="lv_drivers\indev\evdev.c">
      <Filter>Source Files</Filter>
    </ClCompile>
    <ClCompile Include="lv_drivers\indev\FT5406EE8.c">
      <Filter>Source Files</Filter>
    </ClCompile>
    <ClCompile Include="lv_drivers\indev\keyboard.c">
      <Filter>Source Files</Filter>
    </ClCompile>
    <ClCompile Include="lv_drivers\indev\libinput.c">
      <Filter>Source Files</Filter>
    </ClCompile>
    <ClCompile Include="lv_drivers\indev\mouse.c">
      <Filter>Source Files</Filter>
    </ClCompile>
    <ClCompile Include="lv_drivers\indev\mousewheel.c">
      <Filter>Source Files</Filter>
    </ClCompile>
    <ClCompile Include="lv_drivers\indev\XPT2046.c">
      <Filter>Source Files</Filter>
    </ClCompile>
    <ClCompile Include="lv_drivers\win_drv.c">
      <Filter>Source Files</Filter>
    </ClCompile>
    <ClCompile Include="main.c">
      <Filter>Source Files</Filter>
    </ClCompile>
    <ClCompile Include="lvgl\src\lv_core\lv_debug.c">
      <Filter>Source Files</Filter>
    </ClCompile>
    <ClCompile Include="lvgl\src\lv_font\lv_font_roboto_12_subpx.c">
      <Filter>Source Files</Filter>
    </ClCompile>
    <ClCompile Include="lvgl\src\lv_font\lv_font_roboto_28_compressed.c">
      <Filter>Source Files</Filter>
    </ClCompile>
    <ClCompile Include="lvgl\src\lv_misc\lv_bidi.c">
      <Filter>Source Files</Filter>
    </ClCompile>
    <ClCompile Include="lvgl\src\lv_misc\lv_printf.c">
      <Filter>Source Files</Filter>
    </ClCompile>
    <ClCompile Include="lvgl\src\lv_objx\lv_cpicker.c">
      <Filter>Source Files</Filter>
    </ClCompile>
    <ClCompile Include="lv_drivers\display\SHARP_MIP.c">
      <Filter>Source Files</Filter>
    </ClCompile>
    <ClCompile Include="lv_drivers\display\UC1610.c">
      <Filter>Source Files</Filter>
    </ClCompile>
    <ClCompile Include="microstriptCalculator\microstriptCalculatorScreenMain.c">
      <Filter>Source Files</Filter>
    </ClCompile>
    <ClCompile Include="microstriptCalculator\microstriptCalculatorScreenFormula.c">
      <Filter>Source Files</Filter>
    </ClCompile>
    <ClCompile Include="microstriptCalculator\images\msCalFormulla1.c">
      <Filter>Source Files</Filter>
    </ClCompile>
    <ClCompile Include="microstriptCalculator\images\msCalFormulla2.c">
      <Filter>Source Files</Filter>
    </ClCompile>
    <ClCompile Include="microstriptCalculator\images\msCalFormulla3.c">
      <Filter>Source Files</Filter>
    </ClCompile>
    <ClCompile Include="microstriptCalculator\images\msCalFormulla4.c">
      <Filter>Source Files</Filter>
    </ClCompile>
    <ClCompile Include="microstriptCalculator\images\msCalFormulla5.c">
      <Filter>Source Files</Filter>
    </ClCompile>
    <ClCompile Include="microstriptCalculator\images\image1.c">
      <Filter>Source Files</Filter>
    </ClCompile>
    <ClCompile Include="microstriptCalculator\images\image2.c">
      <Filter>Source Files</Filter>
    </ClCompile>
    <ClCompile Include="microstriptCalculator\images\image3.c">
      <Filter>Source Files</Filter>
    </ClCompile>
    <ClCompile Include="microstriptCalculator\microstriptCalculatorScreenImages.c">
      <Filter>Source Files</Filter>
    </ClCompile>
    <ClCompile Include="microstriptCalculator\microstriptCalculatorScreenDeveloper.c">
      <Filter>Source Files</Filter>
    </ClCompile>
    <ClCompile Include="microstriptCalculator\microstriptCalculatorScreenCalc.c">
      <Filter>Source Files</Filter>
    </ClCompile>
    <ClCompile Include="microstriptCalculator\calculateFunctions.c">
      <Filter>Source Files</Filter>
    </ClCompile>
  </ItemGroup>
  <ItemGroup>
    <ClInclude Include="lvgl\lvgl.h">
      <Filter>Header Files</Filter>
    </ClInclude>
    <ClInclude Include="lvgl\src\lv_conf_checker.h">
      <Filter>Header Files</Filter>
    </ClInclude>
    <ClInclude Include="lvgl\src\lv_core\lv_disp.h">
      <Filter>Header Files</Filter>
    </ClInclude>
    <ClInclude Include="lvgl\src\lv_core\lv_group.h">
      <Filter>Header Files</Filter>
    </ClInclude>
    <ClInclude Include="lvgl\src\lv_core\lv_indev.h">
      <Filter>Header Files</Filter>
    </ClInclude>
    <ClInclude Include="lvgl\src\lv_core\lv_obj.h">
      <Filter>Header Files</Filter>
    </ClInclude>
    <ClInclude Include="lvgl\src\lv_core\lv_refr.h">
      <Filter>Header Files</Filter>
    </ClInclude>
    <ClInclude Include="lvgl\src\lv_core\lv_style.h">
      <Filter>Header Files</Filter>
    </ClInclude>
    <ClInclude Include="lvgl\src\lv_draw\lv_draw.h">
      <Filter>Header Files</Filter>
    </ClInclude>
    <ClInclude Include="lvgl\src\lv_draw\lv_draw_arc.h">
      <Filter>Header Files</Filter>
    </ClInclude>
    <ClInclude Include="lvgl\src\lv_draw\lv_draw_basic.h">
      <Filter>Header Files</Filter>
    </ClInclude>
    <ClInclude Include="lvgl\src\lv_draw\lv_draw_img.h">
      <Filter>Header Files</Filter>
    </ClInclude>
    <ClInclude Include="lvgl\src\lv_draw\lv_draw_label.h">
      <Filter>Header Files</Filter>
    </ClInclude>
    <ClInclude Include="lvgl\src\lv_draw\lv_draw_line.h">
      <Filter>Header Files</Filter>
    </ClInclude>
    <ClInclude Include="lvgl\src\lv_draw\lv_draw_rect.h">
      <Filter>Header Files</Filter>
    </ClInclude>
    <ClInclude Include="lvgl\src\lv_draw\lv_draw_triangle.h">
      <Filter>Header Files</Filter>
    </ClInclude>
    <ClInclude Include="lvgl\src\lv_draw\lv_img_cache.h">
      <Filter>Header Files</Filter>
    </ClInclude>
    <ClInclude Include="lvgl\src\lv_draw\lv_img_decoder.h">
      <Filter>Header Files</Filter>
    </ClInclude>
    <ClInclude Include="lvgl\src\lv_font\lv_font.h">
      <Filter>Header Files</Filter>
    </ClInclude>
    <ClInclude Include="lvgl\src\lv_font\lv_font_fmt_txt.h">
      <Filter>Header Files</Filter>
    </ClInclude>
    <ClInclude Include="lvgl\src\lv_font\lv_symbol_def.h">
      <Filter>Header Files</Filter>
    </ClInclude>
    <ClInclude Include="lvgl\src\lv_hal\lv_hal.h">
      <Filter>Header Files</Filter>
    </ClInclude>
    <ClInclude Include="lvgl\src\lv_hal\lv_hal_disp.h">
      <Filter>Header Files</Filter>
    </ClInclude>
    <ClInclude Include="lvgl\src\lv_hal\lv_hal_indev.h">
      <Filter>Header Files</Filter>
    </ClInclude>
    <ClInclude Include="lvgl\src\lv_hal\lv_hal_tick.h">
      <Filter>Header Files</Filter>
    </ClInclude>
    <ClInclude Include="lvgl\src\lv_misc\lv_anim.h">
      <Filter>Header Files</Filter>
    </ClInclude>
    <ClInclude Include="lvgl\src\lv_misc\lv_area.h">
      <Filter>Header Files</Filter>
    </ClInclude>
    <ClInclude Include="lvgl\src\lv_misc\lv_async.h">
      <Filter>Header Files</Filter>
    </ClInclude>
    <ClInclude Include="lvgl\src\lv_misc\lv_circ.h">
      <Filter>Header Files</Filter>
    </ClInclude>
    <ClInclude Include="lvgl\src\lv_misc\lv_color.h">
      <Filter>Header Files</Filter>
    </ClInclude>
    <ClInclude Include="lvgl\src\lv_misc\lv_fs.h">
      <Filter>Header Files</Filter>
    </ClInclude>
    <ClInclude Include="lvgl\src\lv_misc\lv_gc.h">
      <Filter>Header Files</Filter>
    </ClInclude>
    <ClInclude Include="lvgl\src\lv_misc\lv_ll.h">
      <Filter>Header Files</Filter>
    </ClInclude>
    <ClInclude Include="lvgl\src\lv_misc\lv_log.h">
      <Filter>Header Files</Filter>
    </ClInclude>
    <ClInclude Include="lvgl\src\lv_misc\lv_math.h">
      <Filter>Header Files</Filter>
    </ClInclude>
    <ClInclude Include="lvgl\src\lv_misc\lv_mem.h">
      <Filter>Header Files</Filter>
    </ClInclude>
    <ClInclude Include="lvgl\src\lv_misc\lv_task.h">
      <Filter>Header Files</Filter>
    </ClInclude>
    <ClInclude Include="lvgl\src\lv_misc\lv_templ.h">
      <Filter>Header Files</Filter>
    </ClInclude>
    <ClInclude Include="lvgl\src\lv_misc\lv_txt.h">
      <Filter>Header Files</Filter>
    </ClInclude>
    <ClInclude Include="lvgl\src\lv_misc\lv_types.h">
      <Filter>Header Files</Filter>
    </ClInclude>
    <ClInclude Include="lvgl\src\lv_misc\lv_utils.h">
      <Filter>Header Files</Filter>
    </ClInclude>
    <ClInclude Include="lvgl\src\lv_objx\lv_arc.h">
      <Filter>Header Files</Filter>
    </ClInclude>
    <ClInclude Include="lvgl\src\lv_objx\lv_bar.h">
      <Filter>Header Files</Filter>
    </ClInclude>
    <ClInclude Include="lvgl\src\lv_objx\lv_btn.h">
      <Filter>Header Files</Filter>
    </ClInclude>
    <ClInclude Include="lvgl\src\lv_objx\lv_btnm.h">
      <Filter>Header Files</Filter>
    </ClInclude>
    <ClInclude Include="lvgl\src\lv_objx\lv_calendar.h">
      <Filter>Header Files</Filter>
    </ClInclude>
    <ClInclude Include="lvgl\src\lv_objx\lv_canvas.h">
      <Filter>Header Files</Filter>
    </ClInclude>
    <ClInclude Include="lvgl\src\lv_objx\lv_cb.h">
      <Filter>Header Files</Filter>
    </ClInclude>
    <ClInclude Include="lvgl\src\lv_objx\lv_chart.h">
      <Filter>Header Files</Filter>
    </ClInclude>
    <ClInclude Include="lvgl\src\lv_objx\lv_cont.h">
      <Filter>Header Files</Filter>
    </ClInclude>
    <ClInclude Include="lvgl\src\lv_objx\lv_ddlist.h">
      <Filter>Header Files</Filter>
    </ClInclude>
    <ClInclude Include="lvgl\src\lv_objx\lv_gauge.h">
      <Filter>Header Files</Filter>
    </ClInclude>
    <ClInclude Include="lvgl\src\lv_objx\lv_img.h">
      <Filter>Header Files</Filter>
    </ClInclude>
    <ClInclude Include="lvgl\src\lv_objx\lv_imgbtn.h">
      <Filter>Header Files</Filter>
    </ClInclude>
    <ClInclude Include="lvgl\src\lv_objx\lv_kb.h">
      <Filter>Header Files</Filter>
    </ClInclude>
    <ClInclude Include="lvgl\src\lv_objx\lv_label.h">
      <Filter>Header Files</Filter>
    </ClInclude>
    <ClInclude Include="lvgl\src\lv_objx\lv_led.h">
      <Filter>Header Files</Filter>
    </ClInclude>
    <ClInclude Include="lvgl\src\lv_objx\lv_line.h">
      <Filter>Header Files</Filter>
    </ClInclude>
    <ClInclude Include="lvgl\src\lv_objx\lv_list.h">
      <Filter>Header Files</Filter>
    </ClInclude>
    <ClInclude Include="lvgl\src\lv_objx\lv_lmeter.h">
      <Filter>Header Files</Filter>
    </ClInclude>
    <ClInclude Include="lvgl\src\lv_objx\lv_mbox.h">
      <Filter>Header Files</Filter>
    </ClInclude>
    <ClInclude Include="lvgl\src\lv_objx\lv_objx_templ.h">
      <Filter>Header Files</Filter>
    </ClInclude>
    <ClInclude Include="lvgl\src\lv_objx\lv_page.h">
      <Filter>Header Files</Filter>
    </ClInclude>
    <ClInclude Include="lvgl\src\lv_objx\lv_preload.h">
      <Filter>Header Files</Filter>
    </ClInclude>
    <ClInclude Include="lvgl\src\lv_objx\lv_roller.h">
      <Filter>Header Files</Filter>
    </ClInclude>
    <ClInclude Include="lvgl\src\lv_objx\lv_slider.h">
      <Filter>Header Files</Filter>
    </ClInclude>
    <ClInclude Include="lvgl\src\lv_objx\lv_spinbox.h">
      <Filter>Header Files</Filter>
    </ClInclude>
    <ClInclude Include="lvgl\src\lv_objx\lv_sw.h">
      <Filter>Header Files</Filter>
    </ClInclude>
    <ClInclude Include="lvgl\src\lv_objx\lv_ta.h">
      <Filter>Header Files</Filter>
    </ClInclude>
    <ClInclude Include="lvgl\src\lv_objx\lv_table.h">
      <Filter>Header Files</Filter>
    </ClInclude>
    <ClInclude Include="lvgl\src\lv_objx\lv_tabview.h">
      <Filter>Header Files</Filter>
    </ClInclude>
    <ClInclude Include="lvgl\src\lv_objx\lv_tileview.h">
      <Filter>Header Files</Filter>
    </ClInclude>
    <ClInclude Include="lvgl\src\lv_objx\lv_win.h">
      <Filter>Header Files</Filter>
    </ClInclude>
    <ClInclude Include="lvgl\src\lv_themes\lv_theme.h">
      <Filter>Header Files</Filter>
    </ClInclude>
    <ClInclude Include="lvgl\src\lv_themes\lv_theme_alien.h">
      <Filter>Header Files</Filter>
    </ClInclude>
    <ClInclude Include="lvgl\src\lv_themes\lv_theme_default.h">
      <Filter>Header Files</Filter>
    </ClInclude>
    <ClInclude Include="lvgl\src\lv_themes\lv_theme_material.h">
      <Filter>Header Files</Filter>
    </ClInclude>
    <ClInclude Include="lvgl\src\lv_themes\lv_theme_mono.h">
      <Filter>Header Files</Filter>
    </ClInclude>
    <ClInclude Include="lvgl\src\lv_themes\lv_theme_nemo.h">
      <Filter>Header Files</Filter>
    </ClInclude>
    <ClInclude Include="lvgl\src\lv_themes\lv_theme_night.h">
      <Filter>Header Files</Filter>
    </ClInclude>
    <ClInclude Include="lvgl\src\lv_themes\lv_theme_templ.h">
      <Filter>Header Files</Filter>
    </ClInclude>
    <ClInclude Include="lvgl\src\lv_themes\lv_theme_zen.h">
      <Filter>Header Files</Filter>
    </ClInclude>
    <ClInclude Include="lvgl\src\lv_version.h">
      <Filter>Header Files</Filter>
    </ClInclude>
    <ClInclude Include="lv_conf.h">
      <Filter>Header Files</Filter>
    </ClInclude>
    <ClInclude Include="lv_drivers\display\fbdev.h">
      <Filter>Header Files</Filter>
    </ClInclude>
    <ClInclude Include="lv_drivers\display\monitor.h">
      <Filter>Header Files</Filter>
    </ClInclude>
    <ClInclude Include="lv_drivers\display\R61581.h">
      <Filter>Header Files</Filter>
    </ClInclude>
    <ClInclude Include="lv_drivers\display\SSD1963.h">
      <Filter>Header Files</Filter>
    </ClInclude>
    <ClInclude Include="lv_drivers\display\ST7565.h">
      <Filter>Header Files</Filter>
    </ClInclude>
    <ClInclude Include="lv_drivers\indev\AD_touch.h">
      <Filter>Header Files</Filter>
    </ClInclude>
    <ClInclude Include="lv_drivers\indev\evdev.h">
      <Filter>Header Files</Filter>
    </ClInclude>
    <ClInclude Include="lv_drivers\indev\FT5406EE8.h">
      <Filter>Header Files</Filter>
    </ClInclude>
    <ClInclude Include="lv_drivers\indev\keyboard.h">
      <Filter>Header Files</Filter>
    </ClInclude>
    <ClInclude Include="lv_drivers\indev\libinput.h">
      <Filter>Header Files</Filter>
    </ClInclude>
    <ClInclude Include="lv_drivers\indev\mouse.h">
      <Filter>Header Files</Filter>
    </ClInclude>
    <ClInclude Include="lv_drivers\indev\mousewheel.h">
      <Filter>Header Files</Filter>
    </ClInclude>
    <ClInclude Include="lv_drivers\indev\XPT2046.h">
      <Filter>Header Files</Filter>
    </ClInclude>
    <ClInclude Include="lv_drivers\lv_drv_conf_templ.h">
      <Filter>Header Files</Filter>
    </ClInclude>
    <ClInclude Include="lv_drivers\win_drv.h">
      <Filter>Header Files</Filter>
    </ClInclude>
    <ClInclude Include="lv_drv_conf.h">
      <Filter>Header Files</Filter>
    </ClInclude>
    <ClInclude Include="lvgl\src\lv_core\lv_debug.h">
      <Filter>Header Files</Filter>
    </ClInclude>
    <ClInclude Include="lvgl\src\lv_misc\lv_bidi.h">
      <Filter>Header Files</Filter>
    </ClInclude>
    <ClInclude Include="lvgl\src\lv_misc\lv_printf.h">
      <Filter>Header Files</Filter>
    </ClInclude>
    <ClInclude Include="lvgl\src\lv_objx\lv_cpicker.h">
      <Filter>Header Files</Filter>
    </ClInclude>
    <ClInclude Include="lv_drivers\display\SHARP_MIP.h">
      <Filter>Header Files</Filter>
    </ClInclude>
    <ClInclude Include="lv_drivers\display\UC1610.h">
      <Filter>Header Files</Filter>
    </ClInclude>
    <ClInclude Include="microstriptCalculator\microstriptCalculatorScreenMain.h">
      <Filter>Header Files</Filter>
    </ClInclude>
    <ClInclude Include="microstriptCalculator\microstriptCalculatorScreenFormula.h">
      <Filter>Header Files</Filter>
    </ClInclude>
    <ClInclude Include="microstriptCalculator\microstriptCalculatorScreenImages.h">
      <Filter>Header Files</Filter>
    </ClInclude>
    <ClInclude Include="microstriptCalculator\microstriptCalculatorScreenDeveloper.h">
      <Filter>Header Files</Filter>
    </ClInclude>
    <ClInclude Include="microstriptCalculator\microstriptCalculatorScreenCalc.h">
      <Filter>Header Files</Filter>
    </ClInclude>
    <ClInclude Include="microstriptCalculator\calculateFunctions.h">
      <Filter>Header Files</Filter>
    </ClInclude>
  </ItemGroup>
  <ItemGroup>
    <None Include="lvgl\src\lv_font\lv_font.mk" />
    <None Include="SDL2.dll" />
  </ItemGroup>
</Project>